
Microsoft Visual Studio Solution File, Format Version 12.00
# Visual Studio Version 17
VisualStudioVersion = 17.0.31903.59
MinimumVisualStudioVersion = 10.0.40219.1
Project("{9A19103F-16F7-4668-BE54-9A1E7A4F7556}") = "GPWScraper", "GPWScraper\GPWScraper.csproj", "{14C4AD2D-61A9-4998-BA28-06B47847B107}"
EndProject
Global
	GlobalSection(SolutionConfigurationPlatforms) = preSolution
		Debug|Any CPU = Debug|Any CPU
		Release|Any CPU = Release|Any CPU
	EndGlobalSection
	GlobalSection(ProjectConfigurationPlatforms) = postSolution
		{14C4AD2D-61A9-4998-BA28-06B47847B107}.Debug|Any CPU.ActiveCfg = Debug|Any CPU
		{14C4AD2D-61A9-4998-BA28-06B47847B107}.Debug|Any CPU.Build.0 = Debug|Any CPU
		{14C4AD2D-61A9-4998-BA28-06B47847B107}.Release|Any CPU.ActiveCfg = Release|Any CPU
		{14C4AD2D-61A9-4998-BA28-06B47847B107}.Release|Any CPU.Build.0 = Release|Any CPU
	EndGlobalSection
	GlobalSection(SolutionProperties) = preSolution
		HideSolutionNode = FALSE
	EndGlobalSection
	GlobalSection(ExtensibilityGlobals) = postSolution
		SolutionGuid = {89CAA2DC-F0EF-4D77-BCA1-77B07A6296E7}
	EndGlobalSection
EndGlobal
